
Microsoft Visual Studio Solution File, Format Version 12.00
# Visual Studio Version 17
VisualStudioVersion = 17.14.36301.6 d17.14
MinimumVisualStudioVersion = 10.0.40219.1
Project("{FAE04EC0-301F-11D3-BF4B-00C04F79EFBC}") = "programering", "programering\programering.csproj", "{3FBA9E8F-575C-464D-A2E0-C432E9E44420}"
EndProject
Global
	GlobalSection(SolutionConfigurationPlatforms) = preSolution
		Debug|Any CPU = Debug|Any CPU
		Release|Any CPU = Release|Any CPU
	EndGlobalSection
	GlobalSection(ProjectConfigurationPlatforms) = postSolution
		{3FBA9E8F-575C-464D-A2E0-C432E9E44420}.Debug|Any CPU.ActiveCfg = Debug|Any CPU
		{3FBA9E8F-575C-464D-A2E0-C432E9E44420}.Debug|Any CPU.Build.0 = Debug|Any CPU
		{3FBA9E8F-575C-464D-A2E0-C432E9E44420}.Release|Any CPU.ActiveCfg = Release|Any CPU
		{3FBA9E8F-575C-464D-A2E0-C432E9E44420}.Release|Any CPU.Build.0 = Release|Any CPU
	EndGlobalSection
	GlobalSection(SolutionProperties) = preSolution
		HideSolutionNode = FALSE
	EndGlobalSection
	GlobalSection(ExtensibilityGlobals) = postSolution
		SolutionGuid = {C7C8A00B-CA17-418C-B586-83685FB8B6D6}
	EndGlobalSection
EndGlobal
